{
  "name": "dt-mergebot",
  "version": "1.0.0",
  "lockfileVersion": 1,
  "requires": true,
  "dependencies": {
    "@types/node": {
      "version": "8.0.10",
      "resolved": "https://registry.npmjs.org/@types/node/-/node-8.0.10.tgz",
      "integrity": "sha512-ATKQAMGah+e3qNBVdJoCIJk3+RWBkPYtmlluGewO1+t/JmkXEoLnt/WDgHynfGvJyQWTKMq+N1az1E/5YASYGg=="
    },
    "moment": {
      "version": "2.18.1",
      "resolved": "https://registry.npmjs.org/moment/-/moment-2.18.1.tgz",
      "integrity": "sha1-w2GT3Tzhwu7SrbfIAtu8d6gbHA8="
    },
    "typescript": {
      "version": "https://registry.npmjs.org/typescript/-/typescript-2.3.0-dev.20170411.tgz",
      "integrity": "sha1-zDzPh9wPTEAEpY79OAIfzvaP+4U="
    }
  }
}
